
Microsoft Visual Studio Solution File, Format Version 12.00
# Visual Studio 15
VisualStudioVersion = 15.0.27703.2035
MinimumVisualStudioVersion = 10.0.40219.1
Project("{FAE04EC0-301F-11D3-BF4B-00C04F79EFBC}") = "Mordor’s Cruelty Plan", "Mordor’s Cruelty Plan\Mordor’s Cruelty Plan.csproj", "{EBCB7EAE-C70F-46CC-B777-1F5F395ECF70}"
EndProject
Global
	GlobalSection(SolutionConfigurationPlatforms) = preSolution
		Debug|Any CPU = Debug|Any CPU
		Release|Any CPU = Release|Any CPU
	EndGlobalSection
	GlobalSection(ProjectConfigurationPlatforms) = postSolution
		{EBCB7EAE-C70F-46CC-B777-1F5F395ECF70}.Debug|Any CPU.ActiveCfg = Debug|Any CPU
		{EBCB7EAE-C70F-46CC-B777-1F5F395ECF70}.Debug|Any CPU.Build.0 = Debug|Any CPU
		{EBCB7EAE-C70F-46CC-B777-1F5F395ECF70}.Release|Any CPU.ActiveCfg = Release|Any CPU
		{EBCB7EAE-C70F-46CC-B777-1F5F395ECF70}.Release|Any CPU.Build.0 = Release|Any CPU
	EndGlobalSection
	GlobalSection(SolutionProperties) = preSolution
		HideSolutionNode = FALSE
	EndGlobalSection
	GlobalSection(ExtensibilityGlobals) = postSolution
		SolutionGuid = {08043541-5C3F-4C42-B91F-AC9984D86902}
	EndGlobalSection
EndGlobal
