
Microsoft Visual Studio Solution File, Format Version 12.00
# Visual Studio 15
VisualStudioVersion = 15.0.27004.2008
MinimumVisualStudioVersion = 10.0.40219.1
Project("{FAE04EC0-301F-11D3-BF4B-00C04F79EFBC}") = "Problem 6. Football Team Generator", "Problem 6. Football Team Generator\Problem 6. Football Team Generator.csproj", "{A8795BE6-A847-4380-8206-8B5D39E1FA70}"
EndProject
Global
	GlobalSection(SolutionConfigurationPlatforms) = preSolution
		Debug|Any CPU = Debug|Any CPU
		Release|Any CPU = Release|Any CPU
	EndGlobalSection
	GlobalSection(ProjectConfigurationPlatforms) = postSolution
		{A8795BE6-A847-4380-8206-8B5D39E1FA70}.Debug|Any CPU.ActiveCfg = Debug|Any CPU
		{A8795BE6-A847-4380-8206-8B5D39E1FA70}.Debug|Any CPU.Build.0 = Debug|Any CPU
		{A8795BE6-A847-4380-8206-8B5D39E1FA70}.Release|Any CPU.ActiveCfg = Release|Any CPU
		{A8795BE6-A847-4380-8206-8B5D39E1FA70}.Release|Any CPU.Build.0 = Release|Any CPU
	EndGlobalSection
	GlobalSection(SolutionProperties) = preSolution
		HideSolutionNode = FALSE
	EndGlobalSection
	GlobalSection(ExtensibilityGlobals) = postSolution
		SolutionGuid = {3EA66B3B-4733-4604-BC79-C8A24E377756}
	EndGlobalSection
EndGlobal
